// !$*UTF8*$!
{
	archiveVersion = 1;
	classes = {
	};
	objectVersion = 50;
	objects = {

/* Begin PBXBuildFile section */
		A6145FD923954F21002F04A7 /* AppDelegate.swift in Sources */ = {isa = PBXBuildFile; fileRef = A6145FD823954F21002F04A7 /* AppDelegate.swift */; };
		A6145FDB23954F21002F04A7 /* SceneDelegate.swift in Sources */ = {isa = PBXBuildFile; fileRef = A6145FDA23954F21002F04A7 /* SceneDelegate.swift */; };
		A6145FDD23954F21002F04A7 /* ViewController.swift in Sources */ = {isa = PBXBuildFile; fileRef = A6145FDC23954F21002F04A7 /* ViewController.swift */; };
		A6145FE023954F21002F04A7 /* Main.storyboard in Resources */ = {isa = PBXBuildFile; fileRef = A6145FDE23954F21002F04A7 /* Main.storyboard */; };
		A6145FE323954F21002F04A7 /* KForecast.xcdatamodeld in Sources */ = {isa = PBXBuildFile; fileRef = A6145FE123954F21002F04A7 /* KForecast.xcdatamodeld */; };
		A6145FE523954F23002F04A7 /* Assets.xcassets in Resources */ = {isa = PBXBuildFile; fileRef = A6145FE423954F23002F04A7 /* Assets.xcassets */; };
		A6145FE823954F23002F04A7 /* LaunchScreen.storyboard in Resources */ = {isa = PBXBuildFile; fileRef = A6145FE623954F23002F04A7 /* LaunchScreen.storyboard */; };
		A6145FF123956A4B002F04A7 /* SummaryTableViewCell.swift in Sources */ = {isa = PBXBuildFile; fileRef = A6145FF023956A4B002F04A7 /* SummaryTableViewCell.swift */; };
		A6145FF323956A60002F04A7 /* ForecastTableViewCell.swift in Sources */ = {isa = PBXBuildFile; fileRef = A6145FF223956A60002F04A7 /* ForecastTableViewCell.swift */; };
		A6145FF52395D28D002F04A7 /* Common.swift in Sources */ = {isa = PBXBuildFile; fileRef = A6145FF42395D28D002F04A7 /* Common.swift */; };
/* End PBXBuildFile section */

/* Begin PBXFileReference section */
		A608B7F523AA7B3B005DE7E6 /* summaryapi.playground */ = {isa = PBXFileReference; lastKnownFileType = file.playground; path = summaryapi.playground; sourceTree = "<group>"; xcLanguageSpecificationIdentifier = xcode.lang.swift; };
		A6145FD523954F20002F04A7 /* KForecast.app */ = {isa = PBXFileReference; explicitFileType = wrapper.application; includeInIndex = 0; path = KForecast.app; sourceTree = BUILT_PRODUCTS_DIR; };
		A6145FD823954F21002F04A7 /* AppDelegate.swift */ = {isa = PBXFileReference; lastKnownFileType = sourcecode.swift; path = AppDelegate.swift; sourceTree = "<group>"; };
		A6145FDA23954F21002F04A7 /* SceneDelegate.swift */ = {isa = PBXFileReference; lastKnownFileType = sourcecode.swift; path = SceneDelegate.swift; sourceTree = "<group>"; };
		A6145FDC23954F21002F04A7 /* ViewController.swift */ = {isa = PBXFileReference; lastKnownFileType = sourcecode.swift; path = ViewController.swift; sourceTree = "<group>"; };
		A6145FDF23954F21002F04A7 /* Base */ = {isa = PBXFileReference; lastKnownFileType = file.storyboard; name = Base; path = Base.lproj/Main.storyboard; sourceTree = "<group>"; };
		A6145FE223954F21002F04A7 /* KForecast.xcdatamodel */ = {isa = PBXFileReference; lastKnownFileType = wrapper.xcdatamodel; path = KForecast.xcdatamodel; sourceTree = "<group>"; };
		A6145FE423954F23002F04A7 /* Assets.xcassets */ = {isa = PBXFileReference; lastKnownFileType = folder.assetcatalog; path = Assets.xcassets; sourceTree = "<group>"; };
		A6145FE723954F23002F04A7 /* Base */ = {isa = PBXFileReference; lastKnownFileType = file.storyboard; name = Base; path = Base.lproj/LaunchScreen.storyboard; sourceTree = "<group>"; };
		A6145FE923954F23002F04A7 /* Info.plist */ = {isa = PBXFileReference; lastKnownFileType = text.plist.xml; path = Info.plist; sourceTree = "<group>"; };
		A6145FF023956A4B002F04A7 /* SummaryTableViewCell.swift */ = {isa = PBXFileReference; lastKnownFileType = sourcecode.swift; path = SummaryTableViewCell.swift; sourceTree = "<group>"; };
		A6145FF223956A60002F04A7 /* ForecastTableViewCell.swift */ = {isa = PBXFileReference; lastKnownFileType = sourcecode.swift; path = ForecastTableViewCell.swift; sourceTree = "<group>"; };
		A6145FF42395D28D002F04A7 /* Common.swift */ = {isa = PBXFileReference; lastKnownFileType = sourcecode.swift; path = Common.swift; sourceTree = "<group>"; };
		A65DB59B23ABBD600015808A /* forecastapi.playground */ = {isa = PBXFileReference; lastKnownFileType = file.playground; path = forecastapi.playground; sourceTree = "<group>"; xcLanguageSpecificationIdentifier = xcode.lang.swift; };
/* End PBXFileReference section */

/* Begin PBXFrameworksBuildPhase section */
		A6145FD223954F20002F04A7 /* Frameworks */ = {
			isa = PBXFrameworksBuildPhase;
			buildActionMask = 2147483647;
			files = (
			);
			runOnlyForDeploymentPostprocessing = 0;
		};
/* End PBXFrameworksBuildPhase section */

/* Begin PBXGroup section */
		A608B7F423AA7B19005DE7E6 /* Prototype */ = {
			isa = PBXGroup;
			children = (
				A608B7F523AA7B3B005DE7E6 /* summaryapi.playground */,
				A65DB59B23ABBD600015808A /* forecastapi.playground */,
			);
			path = Prototype;
			sourceTree = "<group>";
		};
		A6145FCC23954F20002F04A7 = {
			isa = PBXGroup;
			children = (
				A6145FD723954F20002F04A7 /* KForecast */,
				A6145FD623954F20002F04A7 /* Products */,
			);
			sourceTree = "<group>";
		};
		A6145FD623954F20002F04A7 /* Products */ = {
			isa = PBXGroup;
			children = (
				A6145FD523954F20002F04A7 /* KForecast.app */,
			);
			name = Products;
			sourceTree = "<group>";
		};
		A6145FD723954F20002F04A7 /* KForecast */ = {
			isa = PBXGroup;
			children = (
				A608B7F423AA7B19005DE7E6 /* Prototype */,
				A6145FEF23956A20002F04A7 /* Cell */,
				A6145FD823954F21002F04A7 /* AppDelegate.swift */,
				A6145FDA23954F21002F04A7 /* SceneDelegate.swift */,
				A6145FDC23954F21002F04A7 /* ViewController.swift */,
				A6145FDE23954F21002F04A7 /* Main.storyboard */,
				A6145FE423954F23002F04A7 /* Assets.xcassets */,
				A6145FE623954F23002F04A7 /* LaunchScreen.storyboard */,
				A6145FE923954F23002F04A7 /* Info.plist */,
				A6145FE123954F21002F04A7 /* KForecast.xcdatamodeld */,
				A6145FF42395D28D002F04A7 /* Common.swift */,
			);
			path = KForecast;
			sourceTree = "<group>";
		};
		A6145FEF23956A20002F04A7 /* Cell */ = {
			isa = PBXGroup;
			children = (
				A6145FF023956A4B002F04A7 /* SummaryTableViewCell.swift */,
				A6145FF223956A60002F04A7 /* ForecastTableViewCell.swift */,
			);
			path = Cell;
			sourceTree = "<group>";
		};
/* End PBXGroup section */

/* Begin PBXNativeTarget section */
		A6145FD423954F20002F04A7 /* KForecast */ = {
			isa = PBXNativeTarget;
			buildConfigurationList = A6145FEC23954F23002F04A7 /* Build configuration list for PBXNativeTarget "KForecast" */;
			buildPhases = (
				A6145FD123954F20002F04A7 /* Sources */,
				A6145FD223954F20002F04A7 /* Frameworks */,
				A6145FD323954F20002F04A7 /* Resources */,
			);
			buildRules = (
			);
			dependencies = (
			);
			name = KForecast;
			productName = KForecast;
			productReference = A6145FD523954F20002F04A7 /* KForecast.app */;
			productType = "com.apple.product-type.application";
		};
/* End PBXNativeTarget section */

/* Begin PBXProject section */
		A6145FCD23954F20002F04A7 /* Project object */ = {
			isa = PBXProject;
			attributes = {
				LastSwiftUpdateCheck = 1120;
				LastUpgradeCheck = 1120;
				ORGANIZATIONNAME = "나미콘";
				TargetAttributes = {
					A6145FD423954F20002F04A7 = {
						CreatedOnToolsVersion = 11.2.1;
					};
				};
			};
			buildConfigurationList = A6145FD023954F20002F04A7 /* Build configuration list for PBXProject "KForecast" */;
			compatibilityVersion = "Xcode 9.3";
			developmentRegion = en;
			hasScannedForEncodings = 0;
			knownRegions = (
				en,
				Base,
			);
			mainGroup = A6145FCC23954F20002F04A7;
			productRefGroup = A6145FD623954F20002F04A7 /* Products */;
			projectDirPath = "";
			projectRoot = "";
			targets = (
				A6145FD423954F20002F04A7 /* KForecast */,
			);
		};
/* End PBXProject section */

/* Begin PBXResourcesBuildPhase section */
		A6145FD323954F20002F04A7 /* Resources */ = {
			isa = PBXResourcesBuildPhase;
			buildActionMask = 2147483647;
			files = (
				A6145FE823954F23002F04A7 /* LaunchScreen.storyboard in Resources */,
				A6145FE523954F23002F04A7 /* Assets.xcassets in Resources */,
				A6145FE023954F21002F04A7 /* Main.storyboard in Resources */,
			);
			runOnlyForDeploymentPostprocessing = 0;
		};
/* End PBXResourcesBuildPhase section */

/* Begin PBXSourcesBuildPhase section */
		A6145FD123954F20002F04A7 /* Sources */ = {
			isa = PBXSourcesBuildPhase;
			buildActionMask = 2147483647;
			files = (
				A6145FF323956A60002F04A7 /* ForecastTableViewCell.swift in Sources */,
				A6145FE323954F21002F04A7 /* KForecast.xcdatamodeld in Sources */,
				A6145FDD23954F21002F04A7 /* ViewController.swift in Sources */,
				A6145FD923954F21002F04A7 /* AppDelegate.swift in Sources */,
				A6145FF123956A4B002F04A7 /* SummaryTableViewCell.swift in Sources */,
				A6145FDB23954F21002F04A7 /* SceneDelegate.swift in Sources */,
				A6145FF52395D28D002F04A7 /* Common.swift in Sources */,
			);
			runOnlyForDeploymentPostprocessing = 0;
		};
/* End PBXSourcesBuildPhase section */

/* Begin PBXVariantGroup section */
		A6145FDE23954F21002F04A7 /* Main.storyboard */ = {
			isa = PBXVariantGroup;
			children = (
				A6145FDF23954F21002F04A7 /* Base */,
			);
			name = Main.storyboard;
			sourceTree = "<group>";
		};
		A6145FE623954F23002F04A7 /* LaunchScreen.storyboard */ = {
			isa = PBXVariantGroup;
			children = (
				A6145FE723954F23002F04A7 /* Base */,
			);
			name = LaunchScreen.storyboard;
			sourceTree = "<group>";
		};
/* End PBXVariantGroup section */

/* Begin XCBuildConfiguration section */
		A6145FEA23954F23002F04A7 /* Debug */ = {
			isa = XCBuildConfiguration;
			buildSettings = {
				ALWAYS_SEARCH_USER_PATHS = NO;
				CLANG_ANALYZER_NONNULL = YES;
				CLANG_ANALYZER_NUMBER_OBJECT_CONVERSION = YES_AGGRESSIVE;
				CLANG_CXX_LANGUAGE_STANDARD = "gnu++14";
				CLANG_CXX_LIBRARY = "libc++";
				CLANG_ENABLE_MODULES = YES;
				CLANG_ENABLE_OBJC_ARC = YES;
				CLANG_ENABLE_OBJC_WEAK = YES;
				CLANG_WARN_BLOCK_CAPTURE_AUTORELEASING = YES;
				CLANG_WARN_BOOL_CONVERSION = YES;
				CLANG_WARN_COMMA = YES;
				CLANG_WARN_CONSTANT_CONVERSION = YES;
				CLANG_WARN_DEPRECATED_OBJC_IMPLEMENTATIONS = YES;
				CLANG_WARN_DIRECT_OBJC_ISA_USAGE = YES_ERROR;
				CLANG_WARN_DOCUMENTATION_COMMENTS = YES;
				CLANG_WARN_EMPTY_BODY = YES;
				CLANG_WARN_ENUM_CONVERSION = YES;
				CLANG_WARN_INFINITE_RECURSION = YES;
				CLANG_WARN_INT_CONVERSION = YES;
				CLANG_WARN_NON_LITERAL_NULL_CONVERSION = YES;
				CLANG_WARN_OBJC_IMPLICIT_RETAIN_SELF = YES;
				CLANG_WARN_OBJC_LITERAL_CONVERSION = YES;
				CLANG_WARN_OBJC_ROOT_CLASS = YES_ERROR;
				CLANG_WARN_RANGE_LOOP_ANALYSIS = YES;
				CLANG_WARN_STRICT_PROTOTYPES = YES;
				CLANG_WARN_SUSPICIOUS_MOVE = YES;
				CLANG_WARN_UNGUARDED_AVAILABILITY = YES_AGGRESSIVE;
				CLANG_WARN_UNREACHABLE_CODE = YES;
				CLANG_WARN__DUPLICATE_METHOD_MATCH = YES;
				COPY_PHASE_STRIP = NO;
				DEBUG_INFORMATION_FORMAT = dwarf;
				ENABLE_STRICT_OBJC_MSGSEND = YES;
				ENABLE_TESTABILITY = YES;
				GCC_C_LANGUAGE_STANDARD = gnu11;
				GCC_DYNAMIC_NO_PIC = NO;
				GCC_NO_COMMON_BLOCKS = YES;
				GCC_OPTIMIZATION_LEVEL = 0;
				GCC_PREPROCESSOR_DEFINITIONS = (
					"DEBUG=1",
					"$(inherited)",
				);
				GCC_WARN_64_TO_32_BIT_CONVERSION = YES;
				GCC_WARN_ABOUT_RETURN_TYPE = YES_ERROR;
				GCC_WARN_UNDECLARED_SELECTOR = YES;
				GCC_WARN_UNINITIALIZED_AUTOS = YES_AGGRESSIVE;
				GCC_WARN_UNUSED_FUNCTION = YES;
				GCC_WARN_UNUSED_VARIABLE = YES;
				IPHONEOS_DEPLOYMENT_TARGET = 13.2;
				MTL_ENABLE_DEBUG_INFO = INCLUDE_SOURCE;
				MTL_FAST_MATH = YES;
				ONLY_ACTIVE_ARCH = YES;
				SDKROOT = iphoneos;
				SWIFT_ACTIVE_COMPILATION_CONDITIONS = DEBUG;
				SWIFT_OPTIMIZATION_LEVEL = "-Onone";
			};
			name = Debug;
		};
		A6145FEB23954F23002F04A7 /* Release */ = {
			isa = XCBuildConfiguration;
			buildSettings = {
				ALWAYS_SEARCH_USER_PATHS = NO;
				CLANG_ANALYZER_NONNULL = YES;
				CLANG_ANALYZER_NUMBER_OBJECT_CONVERSION = YES_AGGRESSIVE;
				CLANG_CXX_LANGUAGE_STANDARD = "gnu++14";
				CLANG_CXX_LIBRARY = "libc++";
				CLANG_ENABLE_MODULES = YES;
				CLANG_ENABLE_OBJC_ARC = YES;
				CLANG_ENABLE_OBJC_WEAK = YES;
				CLANG_WARN_BLOCK_CAPTURE_AUTORELEASING = YES;
				CLANG_WARN_BOOL_CONVERSION = YES;
				CLANG_WARN_COMMA = YES;
				CLANG_WARN_CONSTANT_CONVERSION = YES;
				CLANG_WARN_DEPRECATED_OBJC_IMPLEMENTATIONS = YES;
				CLANG_WARN_DIRECT_OBJC_ISA_USAGE = YES_ERROR;
				CLANG_WARN_DOCUMENTATION_COMMENTS = YES;
				CLANG_WARN_EMPTY_BODY = YES;
				CLANG_WARN_ENUM_CONVERSION = YES;
				CLANG_WARN_INFINITE_RECURSION = YES;
				CLANG_WARN_INT_CONVERSION = YES;
				CLANG_WARN_NON_LITERAL_NULL_CONVERSION = YES;
				CLANG_WARN_OBJC_IMPLICIT_RETAIN_SELF = YES;
				CLANG_WARN_OBJC_LITERAL_CONVERSION = YES;
				CLANG_WARN_OBJC_ROOT_CLASS = YES_ERROR;
				CLANG_WARN_RANGE_LOOP_ANALYSIS = YES;
				CLANG_WARN_STRICT_PROTOTYPES = YES;
				CLANG_WARN_SUSPICIOUS_MOVE = YES;
				CLANG_WARN_UNGUARDED_AVAILABILITY = YES_AGGRESSIVE;
				CLANG_WARN_UNREACHABLE_CODE = YES;
				CLANG_WARN__DUPLICATE_METHOD_MATCH = YES;
				COPY_PHASE_STRIP = NO;
				DEBUG_INFORMATION_FORMAT = "dwarf-with-dsym";
				ENABLE_NS_ASSERTIONS = NO;
				ENABLE_STRICT_OBJC_MSGSEND = YES;
				GCC_C_LANGUAGE_STANDARD = gnu11;
				GCC_NO_COMMON_BLOCKS = YES;
				GCC_WARN_64_TO_32_BIT_CONVERSION = YES;
				GCC_WARN_ABOUT_RETURN_TYPE = YES_ERROR;
				GCC_WARN_UNDECLARED_SELECTOR = YES;
				GCC_WARN_UNINITIALIZED_AUTOS = YES_AGGRESSIVE;
				GCC_WARN_UNUSED_FUNCTION = YES;
				GCC_WARN_UNUSED_VARIABLE = YES;
				IPHONEOS_DEPLOYMENT_TARGET = 13.2;
				MTL_ENABLE_DEBUG_INFO = NO;
				MTL_FAST_MATH = YES;
				SDKROOT = iphoneos;
				SWIFT_COMPILATION_MODE = wholemodule;
				SWIFT_OPTIMIZATION_LEVEL = "-O";
				VALIDATE_PRODUCT = YES;
			};
			name = Release;
		};
		A6145FED23954F23002F04A7 /* Debug */ = {
			isa = XCBuildConfiguration;
			buildSettings = {
				ASSETCATALOG_COMPILER_APPICON_NAME = AppIcon;
				CODE_SIGN_STYLE = Automatic;
				DEVELOPMENT_TEAM = 543BQT7Y4W;
				INFOPLIST_FILE = KForecast/Info.plist;
				IPHONEOS_DEPLOYMENT_TARGET = 10.0;
				LD_RUNPATH_SEARCH_PATHS = (
					"$(inherited)",
					"@executable_path/Frameworks",
				);
				PRODUCT_BUNDLE_IDENTIFIER = com.namikon.KForecast;
				PRODUCT_NAME = "$(TARGET_NAME)";
				SWIFT_VERSION = 5.0;
				TARGETED_DEVICE_FAMILY = "1,2";
			};
			name = Debug;
		};
		A6145FEE23954F23002F04A7 /* Release */ = {
			isa = XCBuildConfiguration;
			buildSettings = {
				ASSETCATALOG_COMPILER_APPICON_NAME = AppIcon;
				CODE_SIGN_STYLE = Automatic;
				DEVELOPMENT_TEAM = 543BQT7Y4W;
				INFOPLIST_FILE = KForecast/Info.plist;
				IPHONEOS_DEPLOYMENT_TARGET = 10.0;
				LD_RUNPATH_SEARCH_PATHS = (
					"$(inherited)",
					"@executable_path/Frameworks",
				);
				PRODUCT_BUNDLE_IDENTIFIER = com.namikon.KForecast;
				PRODUCT_NAME = "$(TARGET_NAME)";
				SWIFT_VERSION = 5.0;
				TARGETED_DEVICE_FAMILY = "1,2";
			};
			name = Release;
		};
/* End XCBuildConfiguration section */

/* Begin XCConfigurationList section */
		A6145FD023954F20002F04A7 /* Build configuration list for PBXProject "KForecast" */ = {
			isa = XCConfigurationList;
			buildConfigurations = (
				A6145FEA23954F23002F04A7 /* Debug */,
				A6145FEB23954F23002F04A7 /* Release */,
			);
			defaultConfigurationIsVisible = 0;
			defaultConfigurationName = Release;
		};
		A6145FEC23954F23002F04A7 /* Build configuration list for PBXNativeTarget "KForecast" */ = {
			isa = XCConfigurationList;
			buildConfigurations = (
				A6145FED23954F23002F04A7 /* Debug */,
				A6145FEE23954F23002F04A7 /* Release */,
			);
			defaultConfigurationIsVisible = 0;
			defaultConfigurationName = Release;
		};
/* End XCConfigurationList section */

/* Begin XCVersionGroup section */
		A6145FE123954F21002F04A7 /* KForecast.xcdatamodeld */ = {
			isa = XCVersionGroup;
			children = (
				A6145FE223954F21002F04A7 /* KForecast.xcdatamodel */,
			);
			currentVersion = A6145FE223954F21002F04A7 /* KForecast.xcdatamodel */;
			path = KForecast.xcdatamodeld;
			sourceTree = "<group>";
			versionGroupType = wrapper.xcdatamodel;
		};
/* End XCVersionGroup section */
	};
	rootObject = A6145FCD23954F20002F04A7 /* Project object */;
}
